{
  "name": "1644",
  "lockfileVersion": 3,
  "requires": true,
  "packages": {
    "": {
      "dependencies": {
        "express": "npm:Express@^3.0.1",
        "Express": "^3.0.1",
        "nodemailer": "^6.9.13"
      }
    },
    "node_modules/Express": {
      "version": "3.0.1",
      "resolved": "https://registry.npmjs.org/Express/-/Express-3.0.1.tgz",
      "integrity": "sha512-T8VnUAU1Kjm6wRidtZVjpCYGuSY9IXEYatng3QQ2Q7QQfDoo+tNeJFucDaZ79V4babYWarc4VkKsipC9x2EFlQ==",
      "deprecated": "Package unsupported. Please use the express package (all lowercase) instead.",
      "license": "ISC"
    },
    "node_modules/nodemailer": {
      "version": "6.9.13",
      "resolved": "https://registry.npmjs.org/nodemailer/-/nodemailer-6.9.13.tgz",
      "integrity": "sha512-7o38Yogx6krdoBf3jCAqnIN4oSQFx+fMa0I7dK1D+me9kBxx12D+/33wSb+fhOCtIxvYJ+4x4IMEhmhCKfAiOA==",
      "license": "MIT-0",
      "engines": {
        "node": ">=6.0.0"
      }
    }
  }
}
